
Microsoft Visual Studio Solution File, Format Version 12.00
# Visual Studio Version 16
VisualStudioVersion = 16.0.29613.14
MinimumVisualStudioVersion = 10.0.40219.1
Project("{FAE04EC0-301F-11D3-BF4B-00C04F79EFBC}") = "Overloading", "Overloading\Overloading.csproj", "{F90B406F-95C0-40A5-8C47-411B065C3267}"
EndProject
Global
	GlobalSection(SolutionConfigurationPlatforms) = preSolution
		Debug|Any CPU = Debug|Any CPU
		Release|Any CPU = Release|Any CPU
	EndGlobalSection
	GlobalSection(ProjectConfigurationPlatforms) = postSolution
		{F90B406F-95C0-40A5-8C47-411B065C3267}.Debug|Any CPU.ActiveCfg = Debug|Any CPU
		{F90B406F-95C0-40A5-8C47-411B065C3267}.Debug|Any CPU.Build.0 = Debug|Any CPU
		{F90B406F-95C0-40A5-8C47-411B065C3267}.Release|Any CPU.ActiveCfg = Release|Any CPU
		{F90B406F-95C0-40A5-8C47-411B065C3267}.Release|Any CPU.Build.0 = Release|Any CPU
	EndGlobalSection
	GlobalSection(SolutionProperties) = preSolution
		HideSolutionNode = FALSE
	EndGlobalSection
	GlobalSection(ExtensibilityGlobals) = postSolution
		SolutionGuid = {742CF581-277C-477F-AFAB-E68563DAC4DC}
	EndGlobalSection
EndGlobal
